
Microsoft Visual Studio Solution File, Format Version 12.00
# Visual Studio 15
Project("{FAE04EC0-301F-11D3-BF4B-00C04F79EFBC}") = "Assembly-CSharp", "Assembly-CSharp.csproj", "{D3AECC61-60C2-6A59-8826-AEC23AEDA406}"
EndProject
Project("{FAE04EC0-301F-11D3-BF4B-00C04F79EFBC}") = "ToonyColorsPro2.Demo", "ToonyColorsPro2.Demo.csproj", "{2F38C713-7865-A5FF-8B60-65D1BCF292F2}"
EndProject
Project("{FAE04EC0-301F-11D3-BF4B-00C04F79EFBC}") = "ToonyColorsPro.Runtime", "ToonyColorsPro.Runtime.csproj", "{DCFB703E-3C26-08DD-8410-E85D1F3FDF8D}"
EndProject
Project("{FAE04EC0-301F-11D3-BF4B-00C04F79EFBC}") = "DOTween.Modules", "DOTween.Modules.csproj", "{F7F1F655-D1AD-5565-66B7-C2FFE49FC4C2}"
EndProject
Project("{FAE04EC0-301F-11D3-BF4B-00C04F79EFBC}") = "KinoBloom.Runtime", "KinoBloom.Runtime.csproj", "{C467CBE9-420F-9E3E-5599-9A74C60CBEE9}"
EndProject
Project("{FAE04EC0-301F-11D3-BF4B-00C04F79EFBC}") = "ToonyColorsPro.Editor", "ToonyColorsPro.Editor.csproj", "{7EDDC1E4-810F-C998-62E2-89E69F9494E9}"
EndProject
Project("{FAE04EC0-301F-11D3-BF4B-00C04F79EFBC}") = "ToonyColorsPro.Demo.Editor", "ToonyColorsPro.Demo.Editor.csproj", "{2F08DDBB-5545-BDC9-0FBD-EA6A5A1C9FE9}"
EndProject
Global
	GlobalSection(SolutionConfigurationPlatforms) = preSolution
		Debug|Any CPU = Debug|Any CPU
		Release|Any CPU = Release|Any CPU
	EndGlobalSection
	GlobalSection(ProjectConfigurationPlatforms) = postSolution
		{D3AECC61-60C2-6A59-8826-AEC23AEDA406}.Debug|Any CPU.ActiveCfg = Debug|Any CPU
		{D3AECC61-60C2-6A59-8826-AEC23AEDA406}.Debug|Any CPU.Build.0 = Debug|Any CPU
		{D3AECC61-60C2-6A59-8826-AEC23AEDA406}.Release|Any CPU.ActiveCfg = Release|Any CPU
		{D3AECC61-60C2-6A59-8826-AEC23AEDA406}.Release|Any CPU.Build.0 = Release|Any CPU
		{2F38C713-7865-A5FF-8B60-65D1BCF292F2}.Debug|Any CPU.ActiveCfg = Debug|Any CPU
		{2F38C713-7865-A5FF-8B60-65D1BCF292F2}.Debug|Any CPU.Build.0 = Debug|Any CPU
		{2F38C713-7865-A5FF-8B60-65D1BCF292F2}.Release|Any CPU.ActiveCfg = Release|Any CPU
		{2F38C713-7865-A5FF-8B60-65D1BCF292F2}.Release|Any CPU.Build.0 = Release|Any CPU
		{DCFB703E-3C26-08DD-8410-E85D1F3FDF8D}.Debug|Any CPU.ActiveCfg = Debug|Any CPU
		{DCFB703E-3C26-08DD-8410-E85D1F3FDF8D}.Debug|Any CPU.Build.0 = Debug|Any CPU
		{DCFB703E-3C26-08DD-8410-E85D1F3FDF8D}.Release|Any CPU.ActiveCfg = Release|Any CPU
		{DCFB703E-3C26-08DD-8410-E85D1F3FDF8D}.Release|Any CPU.Build.0 = Release|Any CPU
		{F7F1F655-D1AD-5565-66B7-C2FFE49FC4C2}.Debug|Any CPU.ActiveCfg = Debug|Any CPU
		{F7F1F655-D1AD-5565-66B7-C2FFE49FC4C2}.Debug|Any CPU.Build.0 = Debug|Any CPU
		{F7F1F655-D1AD-5565-66B7-C2FFE49FC4C2}.Release|Any CPU.ActiveCfg = Release|Any CPU
		{F7F1F655-D1AD-5565-66B7-C2FFE49FC4C2}.Release|Any CPU.Build.0 = Release|Any CPU
		{C467CBE9-420F-9E3E-5599-9A74C60CBEE9}.Debug|Any CPU.ActiveCfg = Debug|Any CPU
		{C467CBE9-420F-9E3E-5599-9A74C60CBEE9}.Debug|Any CPU.Build.0 = Debug|Any CPU
		{C467CBE9-420F-9E3E-5599-9A74C60CBEE9}.Release|Any CPU.ActiveCfg = Release|Any CPU
		{C467CBE9-420F-9E3E-5599-9A74C60CBEE9}.Release|Any CPU.Build.0 = Release|Any CPU
		{7EDDC1E4-810F-C998-62E2-89E69F9494E9}.Debug|Any CPU.ActiveCfg = Debug|Any CPU
		{7EDDC1E4-810F-C998-62E2-89E69F9494E9}.Debug|Any CPU.Build.0 = Debug|Any CPU
		{7EDDC1E4-810F-C998-62E2-89E69F9494E9}.Release|Any CPU.ActiveCfg = Release|Any CPU
		{7EDDC1E4-810F-C998-62E2-89E69F9494E9}.Release|Any CPU.Build.0 = Release|Any CPU
		{2F08DDBB-5545-BDC9-0FBD-EA6A5A1C9FE9}.Debug|Any CPU.ActiveCfg = Debug|Any CPU
		{2F08DDBB-5545-BDC9-0FBD-EA6A5A1C9FE9}.Debug|Any CPU.Build.0 = Debug|Any CPU
		{2F08DDBB-5545-BDC9-0FBD-EA6A5A1C9FE9}.Release|Any CPU.ActiveCfg = Release|Any CPU
		{2F08DDBB-5545-BDC9-0FBD-EA6A5A1C9FE9}.Release|Any CPU.Build.0 = Release|Any CPU
	EndGlobalSection
	GlobalSection(SolutionProperties) = preSolution
		HideSolutionNode = FALSE
	EndGlobalSection
EndGlobal
